// !$*UTF8*$!
{
	archiveVersion = 1;
	classes = {
	};
	objectVersion = 77;
	objects = {

/* Begin PBXBuildFile section */
		379C54F02F04FC8F00D2F5D4 /* README.me in Resources */ = {isa = PBXBuildFile; fileRef = 379C54EF2F04FC8600D2F5D4 /* README.me */; };
/* End PBXBuildFile section */

/* Begin PBXContainerItemProxy section */
		379C54BD2F04DB1800D2F5D4 /* PBXContainerItemProxy */ = {
			isa = PBXContainerItemProxy;
			containerPortal = 379C54A72F04DB1600D2F5D4 /* Project object */;
			proxyType = 1;
			remoteGlobalIDString = 379C54AE2F04DB1600D2F5D4;
			remoteInfo = WobiTest;
		};
		379C54C72F04DB1800D2F5D4 /* PBXContainerItemProxy */ = {
			isa = PBXContainerItemProxy;
			containerPortal = 379C54A72F04DB1600D2F5D4 /* Project object */;
			proxyType = 1;
			remoteGlobalIDString = 379C54AE2F04DB1600D2F5D4;
			remoteInfo = WobiTest;
		};
/* End PBXContainerItemProxy section */

/* Begin PBXFileReference section */
		379C54AF2F04DB1600D2F5D4 /* WobiTest.app */ = {isa = PBXFileReference; explicitFileType = wrapper.application; includeInIndex = 0; path = WobiTest.app; sourceTree = BUILT_PRODUCTS_DIR; };
		379C54BC2F04DB1800D2F5D4 /* WobiTestTests.xctest */ = {isa = PBXFileReference; explicitFileType = wrapper.cfbundle; includeInIndex = 0; path = WobiTestTests.xctest; sourceTree = BUILT_PRODUCTS_DIR; };
		379C54C62F04DB1800D2F5D4 /* WobiTestUITests.xctest */ = {isa = PBXFileReference; explicitFileType = wrapper.cfbundle; includeInIndex = 0; path = WobiTestUITests.xctest; sourceTree = BUILT_PRODUCTS_DIR; };
		379C54EF2F04FC8600D2F5D4 /* README.me */ = {isa = PBXFileReference; lastKnownFileType = text; path = README.me; sourceTree = "<group>"; };
/* End PBXFileReference section */

/* Begin PBXFileSystemSynchronizedBuildFileExceptionSet section */
		379C54E22F04DB8000D2F5D4 /* Exceptions for "WobiTest" folder in "WobiTestTests" target */ = {
			isa = PBXFileSystemSynchronizedBuildFileExceptionSet;
			membershipExceptions = (
				Mock/MockRepo.swift,
				Model/Order.swift,
				Views/OrderDetailView.swift,
				Views/OrderDetailViewModel.swift,
				Views/OrdersView.swift,
				Views/OrdersViewModel.swift,
			);
			target = 379C54BB2F04DB1800D2F5D4 /* WobiTestTests */;
		};
/* End PBXFileSystemSynchronizedBuildFileExceptionSet section */

/* Begin PBXFileSystemSynchronizedRootGroup section */
		379C54B12F04DB1600D2F5D4 /* WobiTest */ = {
			isa = PBXFileSystemSynchronizedRootGroup;
			exceptions = (
				379C54E22F04DB8000D2F5D4 /* Exceptions for "WobiTest" folder in "WobiTestTests" target */,
			);
			path = WobiTest;
			sourceTree = "<group>";
		};
		379C54BF2F04DB1800D2F5D4 /* WobiTestTests */ = {
			isa = PBXFileSystemSynchronizedRootGroup;
			path = WobiTestTests;
			sourceTree = "<group>";
		};
		379C54C92F04DB1800D2F5D4 /* WobiTestUITests */ = {
			isa = PBXFileSystemSynchronizedRootGroup;
			path = WobiTestUITests;
			sourceTree = "<group>";
		};
/* End PBXFileSystemSynchronizedRootGroup section */

/* Begin PBXFrameworksBuildPhase section */
		379C54AC2F04DB1600D2F5D4 /* Frameworks */ = {
			isa = PBXFrameworksBuildPhase;
			buildActionMask = 2147483647;
			files = (
			);
			runOnlyForDeploymentPostprocessing = 0;
		};
		379C54B92F04DB1800D2F5D4 /* Frameworks */ = {
			isa = PBXFrameworksBuildPhase;
			buildActionMask = 2147483647;
			files = (
			);
			runOnlyForDeploymentPostprocessing = 0;
		};
		379C54C32F04DB1800D2F5D4 /* Frameworks */ = {
			isa = PBXFrameworksBuildPhase;
			buildActionMask = 2147483647;
			files = (
			);
			runOnlyForDeploymentPostprocessing = 0;
		};
/* End PBXFrameworksBuildPhase section */

/* Begin PBXGroup section */
		379C54A62F04DB1600D2F5D4 = {
			isa = PBXGroup;
			children = (
				379C54EF2F04FC8600D2F5D4 /* README.me */,
				379C54B12F04DB1600D2F5D4 /* WobiTest */,
				379C54BF2F04DB1800D2F5D4 /* WobiTestTests */,
				379C54C92F04DB1800D2F5D4 /* WobiTestUITests */,
				379C54B02F04DB1600D2F5D4 /* Products */,
			);
			sourceTree = "<group>";
		};
		379C54B02F04DB1600D2F5D4 /* Products */ = {
			isa = PBXGroup;
			children = (
				379C54AF2F04DB1600D2F5D4 /* WobiTest.app */,
				379C54BC2F04DB1800D2F5D4 /* WobiTestTests.xctest */,
				379C54C62F04DB1800D2F5D4 /* WobiTestUITests.xctest */,
			);
			name = Products;
			sourceTree = "<group>";
		};
/* End PBXGroup section */

/* Begin PBXNativeTarget section */
		379C54AE2F04DB1600D2F5D4 /* WobiTest */ = {
			isa = PBXNativeTarget;
			buildConfigurationList = 379C54D02F04DB1800D2F5D4 /* Build configuration list for PBXNativeTarget "WobiTest" */;
			buildPhases = (
				379C54AB2F04DB1600D2F5D4 /* Sources */,
				379C54AC2F04DB1600D2F5D4 /* Frameworks */,
				379C54AD2F04DB1600D2F5D4 /* Resources */,
			);
			buildRules = (
			);
			dependencies = (
			);
			fileSystemSynchronizedGroups = (
				379C54B12F04DB1600D2F5D4 /* WobiTest */,
			);
			name = WobiTest;
			packageProductDependencies = (
			);
			productName = WobiTest;
			productReference = 379C54AF2F04DB1600D2F5D4 /* WobiTest.app */;
			productType = "com.apple.product-type.application";
		};
		379C54BB2F04DB1800D2F5D4 /* WobiTestTests */ = {
			isa = PBXNativeTarget;
			buildConfigurationList = 379C54D32F04DB1800D2F5D4 /* Build configuration list for PBXNativeTarget "WobiTestTests" */;
			buildPhases = (
				379C54B82F04DB1800D2F5D4 /* Sources */,
				379C54B92F04DB1800D2F5D4 /* Frameworks */,
				379C54BA2F04DB1800D2F5D4 /* Resources */,
			);
			buildRules = (
			);
			dependencies = (
				379C54BE2F04DB1800D2F5D4 /* PBXTargetDependency */,
			);
			fileSystemSynchronizedGroups = (
				379C54BF2F04DB1800D2F5D4 /* WobiTestTests */,
			);
			name = WobiTestTests;
			packageProductDependencies = (
			);
			productName = WobiTestTests;
			productReference = 379C54BC2F04DB1800D2F5D4 /* WobiTestTests.xctest */;
			productType = "com.apple.product-type.bundle.unit-test";
		};
		379C54C52F04DB1800D2F5D4 /* WobiTestUITests */ = {
			isa = PBXNativeTarget;
			buildConfigurationList = 379C54D62F04DB1800D2F5D4 /* Build configuration list for PBXNativeTarget "WobiTestUITests" */;
			buildPhases = (
				379C54C22F04DB1800D2F5D4 /* Sources */,
				379C54C32F04DB1800D2F5D4 /* Frameworks */,
				379C54C42F04DB1800D2F5D4 /* Resources */,
			);
			buildRules = (
			);
			dependencies = (
				379C54C82F04DB1800D2F5D4 /* PBXTargetDependency */,
			);
			fileSystemSynchronizedGroups = (
				379C54C92F04DB1800D2F5D4 /* WobiTestUITests */,
			);
			name = WobiTestUITests;
			packageProductDependencies = (
			);
			productName = WobiTestUITests;
			productReference = 379C54C62F04DB1800D2F5D4 /* WobiTestUITests.xctest */;
			productType = "com.apple.product-type.bundle.ui-testing";
		};
/* End PBXNativeTarget section */

/* Begin PBXProject section */
		379C54A72F04DB1600D2F5D4 /* Project object */ = {
			isa = PBXProject;
			attributes = {
				BuildIndependentTargetsInParallel = 1;
				LastSwiftUpdateCheck = 1630;
				LastUpgradeCheck = 1630;
				TargetAttributes = {
					379C54AE2F04DB1600D2F5D4 = {
						CreatedOnToolsVersion = 16.3;
					};
					379C54BB2F04DB1800D2F5D4 = {
						CreatedOnToolsVersion = 16.3;
						TestTargetID = 379C54AE2F04DB1600D2F5D4;
					};
					379C54C52F04DB1800D2F5D4 = {
						CreatedOnToolsVersion = 16.3;
						TestTargetID = 379C54AE2F04DB1600D2F5D4;
					};
				};
			};
			buildConfigurationList = 379C54AA2F04DB1600D2F5D4 /* Build configuration list for PBXProject "WobiTest" */;
			developmentRegion = en;
			hasScannedForEncodings = 0;
			knownRegions = (
				en,
				Base,
			);
			mainGroup = 379C54A62F04DB1600D2F5D4;
			minimizedProjectReferenceProxies = 1;
			preferredProjectObjectVersion = 77;
			productRefGroup = 379C54B02F04DB1600D2F5D4 /* Products */;
			projectDirPath = "";
			projectRoot = "";
			targets = (
				379C54AE2F04DB1600D2F5D4 /* WobiTest */,
				379C54BB2F04DB1800D2F5D4 /* WobiTestTests */,
				379C54C52F04DB1800D2F5D4 /* WobiTestUITests */,
			);
		};
/* End PBXProject section */

/* Begin PBXResourcesBuildPhase section */
		379C54AD2F04DB1600D2F5D4 /* Resources */ = {
			isa = PBXResourcesBuildPhase;
			buildActionMask = 2147483647;
			files = (
				379C54F02F04FC8F00D2F5D4 /* README.me in Resources */,
			);
			runOnlyForDeploymentPostprocessing = 0;
		};
		379C54BA2F04DB1800D2F5D4 /* Resources */ = {
			isa = PBXResourcesBuildPhase;
			buildActionMask = 2147483647;
			files = (
			);
			runOnlyForDeploymentPostprocessing = 0;
		};
		379C54C42F04DB1800D2F5D4 /* Resources */ = {
			isa = PBXResourcesBuildPhase;
			buildActionMask = 2147483647;
			files = (
			);
			runOnlyForDeploymentPostprocessing = 0;
		};
/* End PBXResourcesBuildPhase section */

/* Begin PBXSourcesBuildPhase section */
		379C54AB2F04DB1600D2F5D4 /* Sources */ = {
			isa = PBXSourcesBuildPhase;
			buildActionMask = 2147483647;
			files = (
			);
			runOnlyForDeploymentPostprocessing = 0;
		};
		379C54B82F04DB1800D2F5D4 /* Sources */ = {
			isa = PBXSourcesBuildPhase;
			buildActionMask = 2147483647;
			files = (
			);
			runOnlyForDeploymentPostprocessing = 0;
		};
		379C54C22F04DB1800D2F5D4 /* Sources */ = {
			isa = PBXSourcesBuildPhase;
			buildActionMask = 2147483647;
			files = (
			);
			runOnlyForDeploymentPostprocessing = 0;
		};
/* End PBXSourcesBuildPhase section */

/* Begin PBXTargetDependency section */
		379C54BE2F04DB1800D2F5D4 /* PBXTargetDependency */ = {
			isa = PBXTargetDependency;
			target = 379C54AE2F04DB1600D2F5D4 /* WobiTest */;
			targetProxy = 379C54BD2F04DB1800D2F5D4 /* PBXContainerItemProxy */;
		};
		379C54C82F04DB1800D2F5D4 /* PBXTargetDependency */ = {
			isa = PBXTargetDependency;
			target = 379C54AE2F04DB1600D2F5D4 /* WobiTest */;
			targetProxy = 379C54C72F04DB1800D2F5D4 /* PBXContainerItemProxy */;
		};
/* End PBXTargetDependency section */

/* Begin XCBuildConfiguration section */
		379C54CE2F04DB1800D2F5D4 /* Debug */ = {
			isa = XCBuildConfiguration;
			buildSettings = {
				ALWAYS_SEARCH_USER_PATHS = NO;
				ASSETCATALOG_COMPILER_GENERATE_SWIFT_ASSET_SYMBOL_EXTENSIONS = YES;
				CLANG_ANALYZER_NONNULL = YES;
				CLANG_ANALYZER_NUMBER_OBJECT_CONVERSION = YES_AGGRESSIVE;
				CLANG_CXX_LANGUAGE_STANDARD = "gnu++20";
				CLANG_ENABLE_MODULES = YES;
				CLANG_ENABLE_OBJC_ARC = YES;
				CLANG_ENABLE_OBJC_WEAK = YES;
				CLANG_WARN_BLOCK_CAPTURE_AUTORELEASING = YES;
				CLANG_WARN_BOOL_CONVERSION = YES;
				CLANG_WARN_COMMA = YES;
				CLANG_WARN_CONSTANT_CONVERSION = YES;
				CLANG_WARN_DEPRECATED_OBJC_IMPLEMENTATIONS = YES;
				CLANG_WARN_DIRECT_OBJC_ISA_USAGE = YES_ERROR;
				CLANG_WARN_DOCUMENTATION_COMMENTS = YES;
				CLANG_WARN_EMPTY_BODY = YES;
				CLANG_WARN_ENUM_CONVERSION = YES;
				CLANG_WARN_INFINITE_RECURSION = YES;
				CLANG_WARN_INT_CONVERSION = YES;
				CLANG_WARN_NON_LITERAL_NULL_CONVERSION = YES;
				CLANG_WARN_OBJC_IMPLICIT_RETAIN_SELF = YES;
				CLANG_WARN_OBJC_LITERAL_CONVERSION = YES;
				CLANG_WARN_OBJC_ROOT_CLASS = YES_ERROR;
				CLANG_WARN_QUOTED_INCLUDE_IN_FRAMEWORK_HEADER = YES;
				CLANG_WARN_RANGE_LOOP_ANALYSIS = YES;
				CLANG_WARN_STRICT_PROTOTYPES = YES;
				CLANG_WARN_SUSPICIOUS_MOVE = YES;
				CLANG_WARN_UNGUARDED_AVAILABILITY = YES_AGGRESSIVE;
				CLANG_WARN_UNREACHABLE_CODE = YES;
				CLANG_WARN__DUPLICATE_METHOD_MATCH = YES;
				COPY_PHASE_STRIP = NO;
				DEBUG_INFORMATION_FORMAT = dwarf;
				ENABLE_STRICT_OBJC_MSGSEND = YES;
				ENABLE_TESTABILITY = YES;
				ENABLE_USER_SCRIPT_SANDBOXING = YES;
				GCC_C_LANGUAGE_STANDARD = gnu17;
				GCC_DYNAMIC_NO_PIC = NO;
				GCC_NO_COMMON_BLOCKS = YES;
				GCC_OPTIMIZATION_LEVEL = 0;
				GCC_PREPROCESSOR_DEFINITIONS = (
					"DEBUG=1",
					"$(inherited)",
				);
				GCC_WARN_64_TO_32_BIT_CONVERSION = YES;
				GCC_WARN_ABOUT_RETURN_TYPE = YES_ERROR;
				GCC_WARN_UNDECLARED_SELECTOR = YES;
				GCC_WARN_UNINITIALIZED_AUTOS = YES_AGGRESSIVE;
				GCC_WARN_UNUSED_FUNCTION = YES;
				GCC_WARN_UNUSED_VARIABLE = YES;
				IPHONEOS_DEPLOYMENT_TARGET = 18.4;
				LOCALIZATION_PREFERS_STRING_CATALOGS = YES;
				MTL_ENABLE_DEBUG_INFO = INCLUDE_SOURCE;
				MTL_FAST_MATH = YES;
				ONLY_ACTIVE_ARCH = YES;
				SDKROOT = iphoneos;
				SWIFT_ACTIVE_COMPILATION_CONDITIONS = "DEBUG $(inherited)";
				SWIFT_OPTIMIZATION_LEVEL = "-Onone";
			};
			name = Debug;
		};
		379C54CF2F04DB1800D2F5D4 /* Release */ = {
			isa = XCBuildConfiguration;
			buildSettings = {
				ALWAYS_SEARCH_USER_PATHS = NO;
				ASSETCATALOG_COMPILER_GENERATE_SWIFT_ASSET_SYMBOL_EXTENSIONS = YES;
				CLANG_ANALYZER_NONNULL = YES;
				CLANG_ANALYZER_NUMBER_OBJECT_CONVERSION = YES_AGGRESSIVE;
				CLANG_CXX_LANGUAGE_STANDARD = "gnu++20";
				CLANG_ENABLE_MODULES = YES;
				CLANG_ENABLE_OBJC_ARC = YES;
				CLANG_ENABLE_OBJC_WEAK = YES;
				CLANG_WARN_BLOCK_CAPTURE_AUTORELEASING = YES;
				CLANG_WARN_BOOL_CONVERSION = YES;
				CLANG_WARN_COMMA = YES;
				CLANG_WARN_CONSTANT_CONVERSION = YES;
				CLANG_WARN_DEPRECATED_OBJC_IMPLEMENTATIONS = YES;
				CLANG_WARN_DIRECT_OBJC_ISA_USAGE = YES_ERROR;
				CLANG_WARN_DOCUMENTATION_COMMENTS = YES;
				CLANG_WARN_EMPTY_BODY = YES;
				CLANG_WARN_ENUM_CONVERSION = YES;
				CLANG_WARN_INFINITE_RECURSION = YES;
				CLANG_WARN_INT_CONVERSION = YES;
				CLANG_WARN_NON_LITERAL_NULL_CONVERSION = YES;
				CLANG_WARN_OBJC_IMPLICIT_RETAIN_SELF = YES;
				CLANG_WARN_OBJC_LITERAL_CONVERSION = YES;
				CLANG_WARN_OBJC_ROOT_CLASS = YES_ERROR;
				CLANG_WARN_QUOTED_INCLUDE_IN_FRAMEWORK_HEADER = YES;
				CLANG_WARN_RANGE_LOOP_ANALYSIS = YES;
				CLANG_WARN_STRICT_PROTOTYPES = YES;
				CLANG_WARN_SUSPICIOUS_MOVE = YES;
				CLANG_WARN_UNGUARDED_AVAILABILITY = YES_AGGRESSIVE;
				CLANG_WARN_UNREACHABLE_CODE = YES;
				CLANG_WARN__DUPLICATE_METHOD_MATCH = YES;
				COPY_PHASE_STRIP = NO;
				DEBUG_INFORMATION_FORMAT = "dwarf-with-dsym";
				ENABLE_NS_ASSERTIONS = NO;
				ENABLE_STRICT_OBJC_MSGSEND = YES;
				ENABLE_USER_SCRIPT_SANDBOXING = YES;
				GCC_C_LANGUAGE_STANDARD = gnu17;
				GCC_NO_COMMON_BLOCKS = YES;
				GCC_WARN_64_TO_32_BIT_CONVERSION = YES;
				GCC_WARN_ABOUT_RETURN_TYPE = YES_ERROR;
				GCC_WARN_UNDECLARED_SELECTOR = YES;
				GCC_WARN_UNINITIALIZED_AUTOS = YES_AGGRESSIVE;
				GCC_WARN_UNUSED_FUNCTION = YES;
				GCC_WARN_UNUSED_VARIABLE = YES;
				IPHONEOS_DEPLOYMENT_TARGET = 18.4;
				LOCALIZATION_PREFERS_STRING_CATALOGS = YES;
				MTL_ENABLE_DEBUG_INFO = NO;
				MTL_FAST_MATH = YES;
				SDKROOT = iphoneos;
				SWIFT_COMPILATION_MODE = wholemodule;
				VALIDATE_PRODUCT = YES;
			};
			name = Release;
		};
		379C54D12F04DB1800D2F5D4 /* Debug */ = {
			isa = XCBuildConfiguration;
			buildSettings = {
				ASSETCATALOG_COMPILER_APPICON_NAME = AppIcon;
				ASSETCATALOG_COMPILER_GLOBAL_ACCENT_COLOR_NAME = AccentColor;
				CODE_SIGN_STYLE = Automatic;
				CURRENT_PROJECT_VERSION = 1;
				ENABLE_PREVIEWS = YES;
				GENERATE_INFOPLIST_FILE = YES;
				INFOPLIST_KEY_UIApplicationSceneManifest_Generation = YES;
				INFOPLIST_KEY_UIApplicationSupportsIndirectInputEvents = YES;
				INFOPLIST_KEY_UILaunchScreen_Generation = YES;
				INFOPLIST_KEY_UISupportedInterfaceOrientations_iPad = "UIInterfaceOrientationPortrait UIInterfaceOrientationPortraitUpsideDown UIInterfaceOrientationLandscapeLeft UIInterfaceOrientationLandscapeRight";
				INFOPLIST_KEY_UISupportedInterfaceOrientations_iPhone = "UIInterfaceOrientationPortrait UIInterfaceOrientationLandscapeLeft UIInterfaceOrientationLandscapeRight";
				LD_RUNPATH_SEARCH_PATHS = (
					"$(inherited)",
					"@executable_path/Frameworks",
				);
				MARKETING_VERSION = 1.0;
				PRODUCT_BUNDLE_IDENTIFIER = com.delivery.test.WobiTest;
				PRODUCT_NAME = "$(TARGET_NAME)";
				SWIFT_EMIT_LOC_STRINGS = YES;
				SWIFT_VERSION = 5.0;
				TARGETED_DEVICE_FAMILY = "1,2";
			};
			name = Debug;
		};
		379C54D22F04DB1800D2F5D4 /* Release */ = {
			isa = XCBuildConfiguration;
			buildSettings = {
				ASSETCATALOG_COMPILER_APPICON_NAME = AppIcon;
				ASSETCATALOG_COMPILER_GLOBAL_ACCENT_COLOR_NAME = AccentColor;
				CODE_SIGN_STYLE = Automatic;
				CURRENT_PROJECT_VERSION = 1;
				ENABLE_PREVIEWS = YES;
				GENERATE_INFOPLIST_FILE = YES;
				INFOPLIST_KEY_UIApplicationSceneManifest_Generation = YES;
				INFOPLIST_KEY_UIApplicationSupportsIndirectInputEvents = YES;
				INFOPLIST_KEY_UILaunchScreen_Generation = YES;
				INFOPLIST_KEY_UISupportedInterfaceOrientations_iPad = "UIInterfaceOrientationPortrait UIInterfaceOrientationPortraitUpsideDown UIInterfaceOrientationLandscapeLeft UIInterfaceOrientationLandscapeRight";
				INFOPLIST_KEY_UISupportedInterfaceOrientations_iPhone = "UIInterfaceOrientationPortrait UIInterfaceOrientationLandscapeLeft UIInterfaceOrientationLandscapeRight";
				LD_RUNPATH_SEARCH_PATHS = (
					"$(inherited)",
					"@executable_path/Frameworks",
				);
				MARKETING_VERSION = 1.0;
				PRODUCT_BUNDLE_IDENTIFIER = com.delivery.test.WobiTest;
				PRODUCT_NAME = "$(TARGET_NAME)";
				SWIFT_EMIT_LOC_STRINGS = YES;
				SWIFT_VERSION = 5.0;
				TARGETED_DEVICE_FAMILY = "1,2";
			};
			name = Release;
		};
		379C54D42F04DB1800D2F5D4 /* Debug */ = {
			isa = XCBuildConfiguration;
			buildSettings = {
				BUNDLE_LOADER = "$(TEST_HOST)";
				CODE_SIGN_STYLE = Automatic;
				CURRENT_PROJECT_VERSION = 1;
				GENERATE_INFOPLIST_FILE = YES;
				IPHONEOS_DEPLOYMENT_TARGET = 18.4;
				MARKETING_VERSION = 1.0;
				PRODUCT_BUNDLE_IDENTIFIER = com.delivery.test.WobiTestTests;
				PRODUCT_NAME = "$(TARGET_NAME)";
				SWIFT_EMIT_LOC_STRINGS = NO;
				SWIFT_VERSION = 5.0;
				TARGETED_DEVICE_FAMILY = "1,2";
				TEST_HOST = "$(BUILT_PRODUCTS_DIR)/WobiTest.app/$(BUNDLE_EXECUTABLE_FOLDER_PATH)/WobiTest";
			};
			name = Debug;
		};
		379C54D52F04DB1800D2F5D4 /* Release */ = {
			isa = XCBuildConfiguration;
			buildSettings = {
				BUNDLE_LOADER = "$(TEST_HOST)";
				CODE_SIGN_STYLE = Automatic;
				CURRENT_PROJECT_VERSION = 1;
				GENERATE_INFOPLIST_FILE = YES;
				IPHONEOS_DEPLOYMENT_TARGET = 18.4;
				MARKETING_VERSION = 1.0;
				PRODUCT_BUNDLE_IDENTIFIER = com.delivery.test.WobiTestTests;
				PRODUCT_NAME = "$(TARGET_NAME)";
				SWIFT_EMIT_LOC_STRINGS = NO;
				SWIFT_VERSION = 5.0;
				TARGETED_DEVICE_FAMILY = "1,2";
				TEST_HOST = "$(BUILT_PRODUCTS_DIR)/WobiTest.app/$(BUNDLE_EXECUTABLE_FOLDER_PATH)/WobiTest";
			};
			name = Release;
		};
		379C54D72F04DB1800D2F5D4 /* Debug */ = {
			isa = XCBuildConfiguration;
			buildSettings = {
				CODE_SIGN_STYLE = Automatic;
				CURRENT_PROJECT_VERSION = 1;
				GENERATE_INFOPLIST_FILE = YES;
				MARKETING_VERSION = 1.0;
				PRODUCT_BUNDLE_IDENTIFIER = com.delivery.test.WobiTestUITests;
				PRODUCT_NAME = "$(TARGET_NAME)";
				SWIFT_EMIT_LOC_STRINGS = NO;
				SWIFT_VERSION = 5.0;
				TARGETED_DEVICE_FAMILY = "1,2";
				TEST_TARGET_NAME = WobiTest;
			};
			name = Debug;
		};
		379C54D82F04DB1800D2F5D4 /* Release */ = {
			isa = XCBuildConfiguration;
			buildSettings = {
				CODE_SIGN_STYLE = Automatic;
				CURRENT_PROJECT_VERSION = 1;
				GENERATE_INFOPLIST_FILE = YES;
				MARKETING_VERSION = 1.0;
				PRODUCT_BUNDLE_IDENTIFIER = com.delivery.test.WobiTestUITests;
				PRODUCT_NAME = "$(TARGET_NAME)";
				SWIFT_EMIT_LOC_STRINGS = NO;
				SWIFT_VERSION = 5.0;
				TARGETED_DEVICE_FAMILY = "1,2";
				TEST_TARGET_NAME = WobiTest;
			};
			name = Release;
		};
/* End XCBuildConfiguration section */

/* Begin XCConfigurationList section */
		379C54AA2F04DB1600D2F5D4 /* Build configuration list for PBXProject "WobiTest" */ = {
			isa = XCConfigurationList;
			buildConfigurations = (
				379C54CE2F04DB1800D2F5D4 /* Debug */,
				379C54CF2F04DB1800D2F5D4 /* Release */,
			);
			defaultConfigurationIsVisible = 0;
			defaultConfigurationName = Release;
		};
		379C54D02F04DB1800D2F5D4 /* Build configuration list for PBXNativeTarget "WobiTest" */ = {
			isa = XCConfigurationList;
			buildConfigurations = (
				379C54D12F04DB1800D2F5D4 /* Debug */,
				379C54D22F04DB1800D2F5D4 /* Release */,
			);
			defaultConfigurationIsVisible = 0;
			defaultConfigurationName = Release;
		};
		379C54D32F04DB1800D2F5D4 /* Build configuration list for PBXNativeTarget "WobiTestTests" */ = {
			isa = XCConfigurationList;
			buildConfigurations = (
				379C54D42F04DB1800D2F5D4 /* Debug */,
				379C54D52F04DB1800D2F5D4 /* Release */,
			);
			defaultConfigurationIsVisible = 0;
			defaultConfigurationName = Release;
		};
		379C54D62F04DB1800D2F5D4 /* Build configuration list for PBXNativeTarget "WobiTestUITests" */ = {
			isa = XCConfigurationList;
			buildConfigurations = (
				379C54D72F04DB1800D2F5D4 /* Debug */,
				379C54D82F04DB1800D2F5D4 /* Release */,
			);
			defaultConfigurationIsVisible = 0;
			defaultConfigurationName = Release;
		};
/* End XCConfigurationList section */
	};
	rootObject = 379C54A72F04DB1600D2F5D4 /* Project object */;
}
